
Microsoft Visual Studio Solution File, Format Version 12.00
# Visual Studio Version 16
VisualStudioVersion = 16.0.30907.101
MinimumVisualStudioVersion = 10.0.40219.1
Project("{FAE04EC0-301F-11D3-BF4B-00C04F79EFBC}") = "QRCodeGenerator", "src\QRCodeGenerator.csproj", "{E1F85B1D-CC6B-4D6F-A683-BD7FACABE48F}"
EndProject
Global
	GlobalSection(SolutionConfigurationPlatforms) = preSolution
		Debug|Any CPU = Debug|Any CPU
		Release|Any CPU = Release|Any CPU
	EndGlobalSection
	GlobalSection(ProjectConfigurationPlatforms) = postSolution
		{E1F85B1D-CC6B-4D6F-A683-BD7FACABE48F}.Debug|Any CPU.ActiveCfg = Debug|Any CPU
		{E1F85B1D-CC6B-4D6F-A683-BD7FACABE48F}.Debug|Any CPU.Build.0 = Debug|Any CPU
		{E1F85B1D-CC6B-4D6F-A683-BD7FACABE48F}.Release|Any CPU.ActiveCfg = Release|Any CPU
		{E1F85B1D-CC6B-4D6F-A683-BD7FACABE48F}.Release|Any CPU.Build.0 = Release|Any CPU
	EndGlobalSection
	GlobalSection(SolutionProperties) = preSolution
		HideSolutionNode = FALSE
	EndGlobalSection
	GlobalSection(ExtensibilityGlobals) = postSolution
		SolutionGuid = {C3741C7D-74D6-4F1E-8383-470CFDA1F278}
	EndGlobalSection
EndGlobal
